
Microsoft Visual Studio Solution File, Format Version 12.00
# Visual Studio Version 17
VisualStudioVersion = 17.5.33502.453
MinimumVisualStudioVersion = 10.0.40219.1
Project("{FAE04EC0-301F-11D3-BF4B-00C04F79EFBC}") = "Calculadora piso", "Calculadora piso\Calculadora piso.csproj", "{0F24DE99-4091-4480-9E1F-E36DBF8DAEC0}"
EndProject
Global
	GlobalSection(SolutionConfigurationPlatforms) = preSolution
		Debug|Any CPU = Debug|Any CPU
		Release|Any CPU = Release|Any CPU
	EndGlobalSection
	GlobalSection(ProjectConfigurationPlatforms) = postSolution
		{0F24DE99-4091-4480-9E1F-E36DBF8DAEC0}.Debug|Any CPU.ActiveCfg = Debug|Any CPU
		{0F24DE99-4091-4480-9E1F-E36DBF8DAEC0}.Debug|Any CPU.Build.0 = Debug|Any CPU
		{0F24DE99-4091-4480-9E1F-E36DBF8DAEC0}.Release|Any CPU.ActiveCfg = Release|Any CPU
		{0F24DE99-4091-4480-9E1F-E36DBF8DAEC0}.Release|Any CPU.Build.0 = Release|Any CPU
	EndGlobalSection
	GlobalSection(SolutionProperties) = preSolution
		HideSolutionNode = FALSE
	EndGlobalSection
	GlobalSection(ExtensibilityGlobals) = postSolution
		SolutionGuid = {6B2B5622-15CA-4D61-B210-F7854B67D2EF}
	EndGlobalSection
EndGlobal
